{
  "name": "node",
  "version": "1.0.0",
  "lockfileVersion": 2,
  "requires": true,
  "packages": {
    "": {
      "name": "node",
      "version": "1.0.0",
      "license": "ISC",
      "dependencies": {
        "dayjs": "^1.11.9",
        "lodash": "^4.17.21"
      }
    },
    "node_modules/dayjs": {
      "version": "1.11.9",
      "resolved": "http://registry.npm.release.ctripcorp.com/dayjs/download/dayjs-1.11.9.tgz",
      "integrity": "sha1-nKSRkz+t0KYKLBn2wjfANRfXHRo=",
      "license": "MIT"
    },
    "node_modules/lodash": {
      "version": "4.17.21",
      "resolved": "http://registry.npm.release.ctripcorp.com/lodash/download/lodash-4.17.21.tgz",
      "integrity": "sha1-Z5WRxWTDv/quhFTPCz3zcMPWkRw=",
      "license": "MIT"
    }
  },
  "dependencies": {
    "dayjs": {
      "version": "1.11.9",
      "resolved": "http://registry.npm.release.ctripcorp.com/dayjs/download/dayjs-1.11.9.tgz",
      "integrity": "sha1-nKSRkz+t0KYKLBn2wjfANRfXHRo="
    },
    "lodash": {
      "version": "4.17.21",
      "resolved": "http://registry.npm.release.ctripcorp.com/lodash/download/lodash-4.17.21.tgz",
      "integrity": "sha1-Z5WRxWTDv/quhFTPCz3zcMPWkRw="
    }
  }
}
